# This file is autogenerated, do not edit; changes may be undone by the next 'dep ensure'.


[[projects]]
  digest = "1:cef9d74e0c63556be3141f60548411dba5f6bba72d29f95924a96b737c5a7e31"
  name = "github.com/faiface/beep"
  packages = [
    ".",
    "speaker",
    "wav",
  ]
  pruneopts = "UT"
  revision = "5c57cb8071b7dacd7cfe56a503175e3240758e4f"
  version = "v1.0.1"

[[projects]]
  digest = "1:046d754ee4591a0fb89fc99cd2795e52ceaab8e445ab286e2b347b509470b9db"
  name = "github.com/hajimehoshi/oto"
  packages = [
    ".",
    "internal/mux",
  ]
  pruneopts = "UT"
  revision = "3c3e5aa06b59ff95c5c93096e0a2c7c03ded155a"
  version = "v0.4.0"

[[projects]]
  digest = "1:cf31692c14422fa27c83a05292eb5cbe0fb2775972e8f1f8446a71549bd8980b"
  name = "github.com/pkg/errors"
  packages = ["."]
  pruneopts = "UT"
  revision = "ba968bfe8b2f7e042a574c888954fccecfa385b4"
  version = "v0.8.1"

[[projects]]
  branch = "master"
  digest = "1:0699d35efd803bbb1f956f53dca20dfe45697cefda056933816bb20ffbbcdac8"
  name = "golang.org/x/exp"
  packages = [
    "shiny/driver/gldriver",
    "shiny/driver/internal/drawer",
    "shiny/driver/internal/errscreen",
    "shiny/driver/internal/event",
    "shiny/driver/internal/lifecycler",
    "shiny/driver/internal/win32",
    "shiny/driver/internal/x11key",
    "shiny/screen",
  ]
  pruneopts = "UT"
  revision = "ec7cb31e5a562f5e9e31b300128d2f530f55d127"

[[projects]]
  branch = "master"
  digest = "1:b92d5f74778f4766055011db9abc4bba54edbe5e690a544e6dbfe4dd90824719"
  name = "golang.org/x/image"
  packages = ["math/f64"]
  pruneopts = "UT"
  revision = "cff245a6509b8c4de022d0d5b9037c503c5989d6"

[[projects]]
  branch = "master"
  digest = "1:da6d0c6bd0bab62ee6eafdfadb8664c0f66d666859394a88a21f5b6ee6beff90"
  name = "golang.org/x/mobile"
  packages = [
    "app",
    "app/internal/callfn",
    "event/key",
    "event/lifecycle",
    "event/mouse",
    "event/paint",
    "event/size",
    "event/touch",
    "geom",
    "gl",
    "internal/mobileinit",
  ]
  pruneopts = "UT"
  revision = "e8b3e6111d02c5a0a25ea00257319a0c01c12806"

[[projects]]
  branch = "master"
  digest = "1:29fbe59f1e81b410505b4406f5bbc6f46c2c94d361992325db2d68dce51f1ca7"
  name = "golang.org/x/sys"
  packages = ["windows"]
  pruneopts = "UT"
  revision = "fde4db37ae7ad8191b03d30d27f258b5291ae4e3"

[solve-meta]
  analyzer-name = "dep"
  analyzer-version = 1
  input-imports = [
    "github.com/faiface/beep",
    "github.com/faiface/beep/speaker",
    "github.com/faiface/beep/wav",
  ]
  solver-name = "gps-cdcl"
  solver-version = 1
